{
  "object": {
    "pins": [
      {
        "package": "Rotoscope",
        "repositoryURL": "git@github.com:noppefoxwolf/Rotoscope.git",
        "state": {
          "branch": null,
          "revision": "a28109735b9e75c2c61b86633118b8866d1201ee",
          "version": "0.1.0"
        }
      }
    ]
  },
  "version": 1
}
