// !$*UTF8*$!
{
	archiveVersion = 1;
	classes = {
	};
	objectVersion = 52;
	objects = {

/* Begin PBXBuildFile section */
		37BC3E01236F16820065CAEF /* AppDelegate.swift in Sources */ = {isa = PBXBuildFile; fileRef = 37BC3E00236F16820065CAEF /* AppDelegate.swift */; };
		37BC3E03236F16820065CAEF /* SceneDelegate.swift in Sources */ = {isa = PBXBuildFile; fileRef = 37BC3E02236F16820065CAEF /* SceneDelegate.swift */; };
		37BC3E05236F16820065CAEF /* ContentView.swift in Sources */ = {isa = PBXBuildFile; fileRef = 37BC3E04236F16820065CAEF /* ContentView.swift */; };
		37BC3E07236F16840065CAEF /* Assets.xcassets in Resources */ = {isa = PBXBuildFile; fileRef = 37BC3E06236F16840065CAEF /* Assets.xcassets */; };
		37BC3E0A236F16840065CAEF /* Preview Assets.xcassets in Resources */ = {isa = PBXBuildFile; fileRef = 37BC3E09236F16840065CAEF /* Preview Assets.xcassets */; };
		37BC3E0D236F16840065CAEF /* LaunchScreen.storyboard in Resources */ = {isa = PBXBuildFile; fileRef = 37BC3E0B236F16840065CAEF /* LaunchScreen.storyboard */; };
		37BC3E18236F17D60065CAEF /* RefreshUI.swift in Sources */ = {isa = PBXBuildFile; fileRef = 37BC3E17236F17D60065CAEF /* RefreshUI.swift */; };
		37BC3E1B236F18020065CAEF /* Rotoscope in Frameworks */ = {isa = PBXBuildFile; productRef = 37BC3E1A236F18020065CAEF /* Rotoscope */; };
/* End PBXBuildFile section */

/* Begin PBXFileReference section */
		37BC3DFD236F16820065CAEF /* Example.app */ = {isa = PBXFileReference; explicitFileType = wrapper.application; includeInIndex = 0; path = Example.app; sourceTree = BUILT_PRODUCTS_DIR; };
		37BC3E00236F16820065CAEF /* AppDelegate.swift */ = {isa = PBXFileReference; lastKnownFileType = sourcecode.swift; path = AppDelegate.swift; sourceTree = "<group>"; };
		37BC3E02236F16820065CAEF /* SceneDelegate.swift */ = {isa = PBXFileReference; lastKnownFileType = sourcecode.swift; path = SceneDelegate.swift; sourceTree = "<group>"; };
		37BC3E04236F16820065CAEF /* ContentView.swift */ = {isa = PBXFileReference; lastKnownFileType = sourcecode.swift; path = ContentView.swift; sourceTree = "<group>"; };
		37BC3E06236F16840065CAEF /* Assets.xcassets */ = {isa = PBXFileReference; lastKnownFileType = folder.assetcatalog; path = Assets.xcassets; sourceTree = "<group>"; };
		37BC3E09236F16840065CAEF /* Preview Assets.xcassets */ = {isa = PBXFileReference; lastKnownFileType = folder.assetcatalog; path = "Preview Assets.xcassets"; sourceTree = "<group>"; };
		37BC3E0C236F16840065CAEF /* Base */ = {isa = PBXFileReference; lastKnownFileType = file.storyboard; name = Base; path = Base.lproj/LaunchScreen.storyboard; sourceTree = "<group>"; };
		37BC3E0E236F16840065CAEF /* Info.plist */ = {isa = PBXFileReference; lastKnownFileType = text.plist.xml; path = Info.plist; sourceTree = "<group>"; };
		37BC3E17236F17D60065CAEF /* RefreshUI.swift */ = {isa = PBXFileReference; fileEncoding = 4; lastKnownFileType = sourcecode.swift; name = RefreshUI.swift; path = ../../Sources/RefreshUI/RefreshUI.swift; sourceTree = "<group>"; };
		37BC3E1C236F1A4B0065CAEF /* Example.entitlements */ = {isa = PBXFileReference; lastKnownFileType = text.plist.entitlements; path = Example.entitlements; sourceTree = "<group>"; };
/* End PBXFileReference section */

/* Begin PBXFrameworksBuildPhase section */
		37BC3DFA236F16820065CAEF /* Frameworks */ = {
			isa = PBXFrameworksBuildPhase;
			buildActionMask = 2147483647;
			files = (
				37BC3E1B236F18020065CAEF /* Rotoscope in Frameworks */,
			);
			runOnlyForDeploymentPostprocessing = 0;
		};
/* End PBXFrameworksBuildPhase section */

/* Begin PBXGroup section */
		37BC3DF4236F16820065CAEF = {
			isa = PBXGroup;
			children = (
				37BC3DFF236F16820065CAEF /* Example */,
				37BC3DFE236F16820065CAEF /* Products */,
			);
			sourceTree = "<group>";
		};
		37BC3DFE236F16820065CAEF /* Products */ = {
			isa = PBXGroup;
			children = (
				37BC3DFD236F16820065CAEF /* Example.app */,
			);
			name = Products;
			sourceTree = "<group>";
		};
		37BC3DFF236F16820065CAEF /* Example */ = {
			isa = PBXGroup;
			children = (
				37BC3E1C236F1A4B0065CAEF /* Example.entitlements */,
				37BC3E17236F17D60065CAEF /* RefreshUI.swift */,
				37BC3E00236F16820065CAEF /* AppDelegate.swift */,
				37BC3E02236F16820065CAEF /* SceneDelegate.swift */,
				37BC3E04236F16820065CAEF /* ContentView.swift */,
				37BC3E06236F16840065CAEF /* Assets.xcassets */,
				37BC3E0B236F16840065CAEF /* LaunchScreen.storyboard */,
				37BC3E0E236F16840065CAEF /* Info.plist */,
				37BC3E08236F16840065CAEF /* Preview Content */,
			);
			path = Example;
			sourceTree = "<group>";
		};
		37BC3E08236F16840065CAEF /* Preview Content */ = {
			isa = PBXGroup;
			children = (
				37BC3E09236F16840065CAEF /* Preview Assets.xcassets */,
			);
			path = "Preview Content";
			sourceTree = "<group>";
		};
/* End PBXGroup section */

/* Begin PBXNativeTarget section */
		37BC3DFC236F16820065CAEF /* Example */ = {
			isa = PBXNativeTarget;
			buildConfigurationList = 37BC3E11236F16840065CAEF /* Build configuration list for PBXNativeTarget "Example" */;
			buildPhases = (
				37BC3DF9236F16820065CAEF /* Sources */,
				37BC3DFA236F16820065CAEF /* Frameworks */,
				37BC3DFB236F16820065CAEF /* Resources */,
			);
			buildRules = (
			);
			dependencies = (
			);
			name = Example;
			packageProductDependencies = (
				37BC3E1A236F18020065CAEF /* Rotoscope */,
			);
			productName = Example;
			productReference = 37BC3DFD236F16820065CAEF /* Example.app */;
			productType = "com.apple.product-type.application";
		};
/* End PBXNativeTarget section */

/* Begin PBXProject section */
		37BC3DF5236F16820065CAEF /* Project object */ = {
			isa = PBXProject;
			attributes = {
				LastSwiftUpdateCheck = 1120;
				LastUpgradeCheck = 1120;
				ORGANIZATIONNAME = "Tomoya Hirano";
				TargetAttributes = {
					37BC3DFC236F16820065CAEF = {
						CreatedOnToolsVersion = 11.2;
					};
				};
			};
			buildConfigurationList = 37BC3DF8236F16820065CAEF /* Build configuration list for PBXProject "Example" */;
			compatibilityVersion = "Xcode 9.3";
			developmentRegion = en;
			hasScannedForEncodings = 0;
			knownRegions = (
				en,
				Base,
			);
			mainGroup = 37BC3DF4236F16820065CAEF;
			packageReferences = (
				37BC3E19236F18020065CAEF /* XCRemoteSwiftPackageReference "Rotoscope" */,
			);
			productRefGroup = 37BC3DFE236F16820065CAEF /* Products */;
			projectDirPath = "";
			projectRoot = "";
			targets = (
				37BC3DFC236F16820065CAEF /* Example */,
			);
		};
/* End PBXProject section */

/* Begin PBXResourcesBuildPhase section */
		37BC3DFB236F16820065CAEF /* Resources */ = {
			isa = PBXResourcesBuildPhase;
			buildActionMask = 2147483647;
			files = (
				37BC3E0D236F16840065CAEF /* LaunchScreen.storyboard in Resources */,
				37BC3E0A236F16840065CAEF /* Preview Assets.xcassets in Resources */,
				37BC3E07236F16840065CAEF /* Assets.xcassets in Resources */,
			);
			runOnlyForDeploymentPostprocessing = 0;
		};
/* End PBXResourcesBuildPhase section */

/* Begin PBXSourcesBuildPhase section */
		37BC3DF9236F16820065CAEF /* Sources */ = {
			isa = PBXSourcesBuildPhase;
			buildActionMask = 2147483647;
			files = (
				37BC3E01236F16820065CAEF /* AppDelegate.swift in Sources */,
				37BC3E03236F16820065CAEF /* SceneDelegate.swift in Sources */,
				37BC3E05236F16820065CAEF /* ContentView.swift in Sources */,
				37BC3E18236F17D60065CAEF /* RefreshUI.swift in Sources */,
			);
			runOnlyForDeploymentPostprocessing = 0;
		};
/* End PBXSourcesBuildPhase section */

/* Begin PBXVariantGroup section */
		37BC3E0B236F16840065CAEF /* LaunchScreen.storyboard */ = {
			isa = PBXVariantGroup;
			children = (
				37BC3E0C236F16840065CAEF /* Base */,
			);
			name = LaunchScreen.storyboard;
			sourceTree = "<group>";
		};
/* End PBXVariantGroup section */

/* Begin XCBuildConfiguration section */
		37BC3E0F236F16840065CAEF /* Debug */ = {
			isa = XCBuildConfiguration;
			buildSettings = {
				ALWAYS_SEARCH_USER_PATHS = NO;
				CLANG_ANALYZER_NONNULL = YES;
				CLANG_ANALYZER_NUMBER_OBJECT_CONVERSION = YES_AGGRESSIVE;
				CLANG_CXX_LANGUAGE_STANDARD = "gnu++14";
				CLANG_CXX_LIBRARY = "libc++";
				CLANG_ENABLE_MODULES = YES;
				CLANG_ENABLE_OBJC_ARC = YES;
				CLANG_ENABLE_OBJC_WEAK = YES;
				CLANG_WARN_BLOCK_CAPTURE_AUTORELEASING = YES;
				CLANG_WARN_BOOL_CONVERSION = YES;
				CLANG_WARN_COMMA = YES;
				CLANG_WARN_CONSTANT_CONVERSION = YES;
				CLANG_WARN_DEPRECATED_OBJC_IMPLEMENTATIONS = YES;
				CLANG_WARN_DIRECT_OBJC_ISA_USAGE = YES_ERROR;
				CLANG_WARN_DOCUMENTATION_COMMENTS = YES;
				CLANG_WARN_EMPTY_BODY = YES;
				CLANG_WARN_ENUM_CONVERSION = YES;
				CLANG_WARN_INFINITE_RECURSION = YES;
				CLANG_WARN_INT_CONVERSION = YES;
				CLANG_WARN_NON_LITERAL_NULL_CONVERSION = YES;
				CLANG_WARN_OBJC_IMPLICIT_RETAIN_SELF = YES;
				CLANG_WARN_OBJC_LITERAL_CONVERSION = YES;
				CLANG_WARN_OBJC_ROOT_CLASS = YES_ERROR;
				CLANG_WARN_RANGE_LOOP_ANALYSIS = YES;
				CLANG_WARN_STRICT_PROTOTYPES = YES;
				CLANG_WARN_SUSPICIOUS_MOVE = YES;
				CLANG_WARN_UNGUARDED_AVAILABILITY = YES_AGGRESSIVE;
				CLANG_WARN_UNREACHABLE_CODE = YES;
				CLANG_WARN__DUPLICATE_METHOD_MATCH = YES;
				COPY_PHASE_STRIP = NO;
				DEBUG_INFORMATION_FORMAT = dwarf;
				ENABLE_STRICT_OBJC_MSGSEND = YES;
				ENABLE_TESTABILITY = YES;
				GCC_C_LANGUAGE_STANDARD = gnu11;
				GCC_DYNAMIC_NO_PIC = NO;
				GCC_NO_COMMON_BLOCKS = YES;
				GCC_OPTIMIZATION_LEVEL = 0;
				GCC_PREPROCESSOR_DEFINITIONS = (
					"DEBUG=1",
					"$(inherited)",
				);
				GCC_WARN_64_TO_32_BIT_CONVERSION = YES;
				GCC_WARN_ABOUT_RETURN_TYPE = YES_ERROR;
				GCC_WARN_UNDECLARED_SELECTOR = YES;
				GCC_WARN_UNINITIALIZED_AUTOS = YES_AGGRESSIVE;
				GCC_WARN_UNUSED_FUNCTION = YES;
				GCC_WARN_UNUSED_VARIABLE = YES;
				IPHONEOS_DEPLOYMENT_TARGET = 13.2;
				MTL_ENABLE_DEBUG_INFO = INCLUDE_SOURCE;
				MTL_FAST_MATH = YES;
				ONLY_ACTIVE_ARCH = YES;
				SDKROOT = iphoneos;
				SWIFT_ACTIVE_COMPILATION_CONDITIONS = DEBUG;
				SWIFT_OPTIMIZATION_LEVEL = "-Onone";
			};
			name = Debug;
		};
		37BC3E10236F16840065CAEF /* Release */ = {
			isa = XCBuildConfiguration;
			buildSettings = {
				ALWAYS_SEARCH_USER_PATHS = NO;
				CLANG_ANALYZER_NONNULL = YES;
				CLANG_ANALYZER_NUMBER_OBJECT_CONVERSION = YES_AGGRESSIVE;
				CLANG_CXX_LANGUAGE_STANDARD = "gnu++14";
				CLANG_CXX_LIBRARY = "libc++";
				CLANG_ENABLE_MODULES = YES;
				CLANG_ENABLE_OBJC_ARC = YES;
				CLANG_ENABLE_OBJC_WEAK = YES;
				CLANG_WARN_BLOCK_CAPTURE_AUTORELEASING = YES;
				CLANG_WARN_BOOL_CONVERSION = YES;
				CLANG_WARN_COMMA = YES;
				CLANG_WARN_CONSTANT_CONVERSION = YES;
				CLANG_WARN_DEPRECATED_OBJC_IMPLEMENTATIONS = YES;
				CLANG_WARN_DIRECT_OBJC_ISA_USAGE = YES_ERROR;
				CLANG_WARN_DOCUMENTATION_COMMENTS = YES;
				CLANG_WARN_EMPTY_BODY = YES;
				CLANG_WARN_ENUM_CONVERSION = YES;
				CLANG_WARN_INFINITE_RECURSION = YES;
				CLANG_WARN_INT_CONVERSION = YES;
				CLANG_WARN_NON_LITERAL_NULL_CONVERSION = YES;
				CLANG_WARN_OBJC_IMPLICIT_RETAIN_SELF = YES;
				CLANG_WARN_OBJC_LITERAL_CONVERSION = YES;
				CLANG_WARN_OBJC_ROOT_CLASS = YES_ERROR;
				CLANG_WARN_RANGE_LOOP_ANALYSIS = YES;
				CLANG_WARN_STRICT_PROTOTYPES = YES;
				CLANG_WARN_SUSPICIOUS_MOVE = YES;
				CLANG_WARN_UNGUARDED_AVAILABILITY = YES_AGGRESSIVE;
				CLANG_WARN_UNREACHABLE_CODE = YES;
				CLANG_WARN__DUPLICATE_METHOD_MATCH = YES;
				COPY_PHASE_STRIP = NO;
				DEBUG_INFORMATION_FORMAT = "dwarf-with-dsym";
				ENABLE_NS_ASSERTIONS = NO;
				ENABLE_STRICT_OBJC_MSGSEND = YES;
				GCC_C_LANGUAGE_STANDARD = gnu11;
				GCC_NO_COMMON_BLOCKS = YES;
				GCC_WARN_64_TO_32_BIT_CONVERSION = YES;
				GCC_WARN_ABOUT_RETURN_TYPE = YES_ERROR;
				GCC_WARN_UNDECLARED_SELECTOR = YES;
				GCC_WARN_UNINITIALIZED_AUTOS = YES_AGGRESSIVE;
				GCC_WARN_UNUSED_FUNCTION = YES;
				GCC_WARN_UNUSED_VARIABLE = YES;
				IPHONEOS_DEPLOYMENT_TARGET = 13.2;
				MTL_ENABLE_DEBUG_INFO = NO;
				MTL_FAST_MATH = YES;
				SDKROOT = iphoneos;
				SWIFT_COMPILATION_MODE = wholemodule;
				SWIFT_OPTIMIZATION_LEVEL = "-O";
				VALIDATE_PRODUCT = YES;
			};
			name = Release;
		};
		37BC3E12236F16840065CAEF /* Debug */ = {
			isa = XCBuildConfiguration;
			buildSettings = {
				ASSETCATALOG_COMPILER_APPICON_NAME = AppIcon;
				CODE_SIGN_ENTITLEMENTS = Example/Example.entitlements;
				CODE_SIGN_STYLE = Automatic;
				DERIVE_MACCATALYST_PRODUCT_BUNDLE_IDENTIFIER = YES;
				DEVELOPMENT_ASSET_PATHS = "\"Example/Preview Content\"";
				DEVELOPMENT_TEAM = FBQ6Z8AF3U;
				ENABLE_PREVIEWS = YES;
				INFOPLIST_FILE = Example/Info.plist;
				LD_RUNPATH_SEARCH_PATHS = (
					"$(inherited)",
					"@executable_path/Frameworks",
				);
				PRODUCT_BUNDLE_IDENTIFIER = com.noppelab.Example;
				PRODUCT_NAME = "$(TARGET_NAME)";
				SUPPORTS_MACCATALYST = YES;
				SWIFT_VERSION = 5.0;
				TARGETED_DEVICE_FAMILY = "1,2";
			};
			name = Debug;
		};
		37BC3E13236F16840065CAEF /* Release */ = {
			isa = XCBuildConfiguration;
			buildSettings = {
				ASSETCATALOG_COMPILER_APPICON_NAME = AppIcon;
				CODE_SIGN_ENTITLEMENTS = Example/Example.entitlements;
				CODE_SIGN_STYLE = Automatic;
				DERIVE_MACCATALYST_PRODUCT_BUNDLE_IDENTIFIER = YES;
				DEVELOPMENT_ASSET_PATHS = "\"Example/Preview Content\"";
				DEVELOPMENT_TEAM = FBQ6Z8AF3U;
				ENABLE_PREVIEWS = YES;
				INFOPLIST_FILE = Example/Info.plist;
				LD_RUNPATH_SEARCH_PATHS = (
					"$(inherited)",
					"@executable_path/Frameworks",
				);
				PRODUCT_BUNDLE_IDENTIFIER = com.noppelab.Example;
				PRODUCT_NAME = "$(TARGET_NAME)";
				SUPPORTS_MACCATALYST = YES;
				SWIFT_VERSION = 5.0;
				TARGETED_DEVICE_FAMILY = "1,2";
			};
			name = Release;
		};
/* End XCBuildConfiguration section */

/* Begin XCConfigurationList section */
		37BC3DF8236F16820065CAEF /* Build configuration list for PBXProject "Example" */ = {
			isa = XCConfigurationList;
			buildConfigurations = (
				37BC3E0F236F16840065CAEF /* Debug */,
				37BC3E10236F16840065CAEF /* Release */,
			);
			defaultConfigurationIsVisible = 0;
			defaultConfigurationName = Release;
		};
		37BC3E11236F16840065CAEF /* Build configuration list for PBXNativeTarget "Example" */ = {
			isa = XCConfigurationList;
			buildConfigurations = (
				37BC3E12236F16840065CAEF /* Debug */,
				37BC3E13236F16840065CAEF /* Release */,
			);
			defaultConfigurationIsVisible = 0;
			defaultConfigurationName = Release;
		};
/* End XCConfigurationList section */

/* Begin XCRemoteSwiftPackageReference section */
		37BC3E19236F18020065CAEF /* XCRemoteSwiftPackageReference "Rotoscope" */ = {
			isa = XCRemoteSwiftPackageReference;
			repositoryURL = "git@github.com:noppefoxwolf/Rotoscope.git";
			requirement = {
				kind = upToNextMajorVersion;
				minimumVersion = 0.1.0;
			};
		};
/* End XCRemoteSwiftPackageReference section */

/* Begin XCSwiftPackageProductDependency section */
		37BC3E1A236F18020065CAEF /* Rotoscope */ = {
			isa = XCSwiftPackageProductDependency;
			package = 37BC3E19236F18020065CAEF /* XCRemoteSwiftPackageReference "Rotoscope" */;
			productName = Rotoscope;
		};
/* End XCSwiftPackageProductDependency section */
	};
	rootObject = 37BC3DF5236F16820065CAEF /* Project object */;
}
