{
  "object": {
    "pins": [
      {
        "package": "Rotoscope",
        "repositoryURL": "git@github.com:noppefoxwolf/Rotoscope.git",
        "state": {
          "branch": null,
          "revision": "99da0c0f2f9c3afde63c72cd15d910e5f504d057",
          "version": "0.1.2"
        }
      }
    ]
  },
  "version": 1
}
